// !$*UTF8*$!
{
	archiveVersion = 1;
	classes = {
	};
	objectVersion = 46;
	objects = {

/* Begin PBXBuildFile section */
		92A24B191D9B537C0008E578 /* AppDelegate.swift in Sources */ = {isa = PBXBuildFile; fileRef = 92A24B181D9B537C0008E578 /* AppDelegate.swift */; };
		92A24B1B1D9B537C0008E578 /* CollageViewController.swift in Sources */ = {isa = PBXBuildFile; fileRef = 92A24B1A1D9B537C0008E578 /* CollageViewController.swift */; };
		92A24B201D9B537D0008E578 /* Assets.xcassets in Resources */ = {isa = PBXBuildFile; fileRef = 92A24B1F1D9B537D0008E578 /* Assets.xcassets */; };
		92A24B231D9B537D0008E578 /* LaunchScreen.storyboard in Resources */ = {isa = PBXBuildFile; fileRef = 92A24B211D9B537D0008E578 /* LaunchScreen.storyboard */; };
/* End PBXBuildFile section */

/* Begin PBXFileReference section */
		92A24B151D9B537B0008E578 /* Collage App.app */ = {isa = PBXFileReference; explicitFileType = wrapper.application; includeInIndex = 0; path = "Collage App.app"; sourceTree = BUILT_PRODUCTS_DIR; };
		92A24B181D9B537C0008E578 /* AppDelegate.swift */ = {isa = PBXFileReference; lastKnownFileType = sourcecode.swift; path = AppDelegate.swift; sourceTree = "<group>"; };
		92A24B1A1D9B537C0008E578 /* CollageViewController.swift */ = {isa = PBXFileReference; lastKnownFileType = sourcecode.swift; path = CollageViewController.swift; sourceTree = "<group>"; };
		92A24B1F1D9B537D0008E578 /* Assets.xcassets */ = {isa = PBXFileReference; lastKnownFileType = folder.assetcatalog; path = Assets.xcassets; sourceTree = "<group>"; };
		92A24B221D9B537D0008E578 /* Base */ = {isa = PBXFileReference; lastKnownFileType = file.storyboard; name = Base; path = Base.lproj/LaunchScreen.storyboard; sourceTree = "<group>"; };
		92A24B241D9B537D0008E578 /* Info.plist */ = {isa = PBXFileReference; lastKnownFileType = text.plist.xml; path = Info.plist; sourceTree = "<group>"; };
/* End PBXFileReference section */

/* Begin PBXFrameworksBuildPhase section */
		92A24B121D9B537B0008E578 /* Frameworks */ = {
			isa = PBXFrameworksBuildPhase;
			buildActionMask = 2147483647;
			files = (
			);
			runOnlyForDeploymentPostprocessing = 0;
		};
/* End PBXFrameworksBuildPhase section */

/* Begin PBXGroup section */
		92A24B0C1D9B537B0008E578 = {
			isa = PBXGroup;
			children = (
				92A24B171D9B537B0008E578 /* Collage App */,
				92A24B161D9B537B0008E578 /* Products */,
			);
			sourceTree = "<group>";
		};
		92A24B161D9B537B0008E578 /* Products */ = {
			isa = PBXGroup;
			children = (
				92A24B151D9B537B0008E578 /* Collage App.app */,
			);
			name = Products;
			sourceTree = "<group>";
		};
		92A24B171D9B537B0008E578 /* Collage App */ = {
			isa = PBXGroup;
			children = (
				92A24B181D9B537C0008E578 /* AppDelegate.swift */,
				92A24B1A1D9B537C0008E578 /* CollageViewController.swift */,
				92A24B1F1D9B537D0008E578 /* Assets.xcassets */,
				92A24B211D9B537D0008E578 /* LaunchScreen.storyboard */,
				92A24B241D9B537D0008E578 /* Info.plist */,
			);
			path = "Collage App";
			sourceTree = "<group>";
		};
/* End PBXGroup section */

/* Begin PBXNativeTarget section */
		92A24B141D9B537B0008E578 /* Collage App */ = {
			isa = PBXNativeTarget;
			buildConfigurationList = 92A24B271D9B537D0008E578 /* Build configuration list for PBXNativeTarget "Collage App" */;
			buildPhases = (
				92A24B111D9B537B0008E578 /* Sources */,
				92A24B121D9B537B0008E578 /* Frameworks */,
				92A24B131D9B537B0008E578 /* Resources */,
			);
			buildRules = (
			);
			dependencies = (
			);
			name = "Collage App";
			productName = "Collage App";
			productReference = 92A24B151D9B537B0008E578 /* Collage App.app */;
			productType = "com.apple.product-type.application";
		};
/* End PBXNativeTarget section */

/* Begin PBXProject section */
		92A24B0D1D9B537B0008E578 /* Project object */ = {
			isa = PBXProject;
			attributes = {
				LastSwiftUpdateCheck = 0800;
				LastUpgradeCheck = 0800;
				ORGANIZATIONNAME = "Luis Arias";
				TargetAttributes = {
					92A24B141D9B537B0008E578 = {
						CreatedOnToolsVersion = 8.0;
						DevelopmentTeam = G9KYNT8JLN;
						ProvisioningStyle = Automatic;
					};
				};
			};
			buildConfigurationList = 92A24B101D9B537B0008E578 /* Build configuration list for PBXProject "Collage App" */;
			compatibilityVersion = "Xcode 3.2";
			developmentRegion = English;
			hasScannedForEncodings = 0;
			knownRegions = (
				en,
				Base,
			);
			mainGroup = 92A24B0C1D9B537B0008E578;
			productRefGroup = 92A24B161D9B537B0008E578 /* Products */;
			projectDirPath = "";
			projectRoot = "";
			targets = (
				92A24B141D9B537B0008E578 /* Collage App */,
			);
		};
/* End PBXProject section */

/* Begin PBXResourcesBuildPhase section */
		92A24B131D9B537B0008E578 /* Resources */ = {
			isa = PBXResourcesBuildPhase;
			buildActionMask = 2147483647;
			files = (
				92A24B231D9B537D0008E578 /* LaunchScreen.storyboard in Resources */,
				92A24B201D9B537D0008E578 /* Assets.xcassets in Resources */,
			);
			runOnlyForDeploymentPostprocessing = 0;
		};
/* End PBXResourcesBuildPhase section */

/* Begin PBXSourcesBuildPhase section */
		92A24B111D9B537B0008E578 /* Sources */ = {
			isa = PBXSourcesBuildPhase;
			buildActionMask = 2147483647;
			files = (
				92A24B1B1D9B537C0008E578 /* CollageViewController.swift in Sources */,
				92A24B191D9B537C0008E578 /* AppDelegate.swift in Sources */,
			);
			runOnlyForDeploymentPostprocessing = 0;
		};
/* End PBXSourcesBuildPhase section */

/* Begin PBXVariantGroup section */
		92A24B211D9B537D0008E578 /* LaunchScreen.storyboard */ = {
			isa = PBXVariantGroup;
			children = (
				92A24B221D9B537D0008E578 /* Base */,
			);
			name = LaunchScreen.storyboard;
			sourceTree = "<group>";
		};
/* End PBXVariantGroup section */

/* Begin XCBuildConfiguration section */
		92A24B251D9B537D0008E578 /* Debug */ = {
			isa = XCBuildConfiguration;
			buildSettings = {
				ALWAYS_SEARCH_USER_PATHS = NO;
				CLANG_ANALYZER_NONNULL = YES;
				CLANG_CXX_LANGUAGE_STANDARD = "gnu++0x";
				CLANG_CXX_LIBRARY = "libc++";
				CLANG_ENABLE_MODULES = YES;
				CLANG_ENABLE_OBJC_ARC = YES;
				CLANG_WARN_BOOL_CONVERSION = YES;
				CLANG_WARN_CONSTANT_CONVERSION = YES;
				CLANG_WARN_DIRECT_OBJC_ISA_USAGE = YES_ERROR;
				CLANG_WARN_DOCUMENTATION_COMMENTS = YES;
				CLANG_WARN_EMPTY_BODY = YES;
				CLANG_WARN_ENUM_CONVERSION = YES;
				CLANG_WARN_INFINITE_RECURSION = YES;
				CLANG_WARN_INT_CONVERSION = YES;
				CLANG_WARN_OBJC_ROOT_CLASS = YES_ERROR;
				CLANG_WARN_SUSPICIOUS_MOVES = YES;
				CLANG_WARN_UNREACHABLE_CODE = YES;
				CLANG_WARN__DUPLICATE_METHOD_MATCH = YES;
				"CODE_SIGN_IDENTITY[sdk=iphoneos*]" = "iPhone Developer";
				COPY_PHASE_STRIP = NO;
				DEBUG_INFORMATION_FORMAT = dwarf;
				ENABLE_STRICT_OBJC_MSGSEND = YES;
				ENABLE_TESTABILITY = YES;
				GCC_C_LANGUAGE_STANDARD = gnu99;
				GCC_DYNAMIC_NO_PIC = NO;
				GCC_NO_COMMON_BLOCKS = YES;
				GCC_OPTIMIZATION_LEVEL = 0;
				GCC_PREPROCESSOR_DEFINITIONS = (
					"DEBUG=1",
					"$(inherited)",
				);
				GCC_WARN_64_TO_32_BIT_CONVERSION = YES;
				GCC_WARN_ABOUT_RETURN_TYPE = YES_ERROR;
				GCC_WARN_UNDECLARED_SELECTOR = YES;
				GCC_WARN_UNINITIALIZED_AUTOS = YES_AGGRESSIVE;
				GCC_WARN_UNUSED_FUNCTION = YES;
				GCC_WARN_UNUSED_VARIABLE = YES;
				IPHONEOS_DEPLOYMENT_TARGET = 10.0;
				MTL_ENABLE_DEBUG_INFO = YES;
				ONLY_ACTIVE_ARCH = YES;
				SDKROOT = iphoneos;
				SWIFT_ACTIVE_COMPILATION_CONDITIONS = DEBUG;
				SWIFT_OPTIMIZATION_LEVEL = "-Onone";
			};
			name = Debug;
		};
		92A24B261D9B537D0008E578 /* Release */ = {
			isa = XCBuildConfiguration;
			buildSettings = {
				ALWAYS_SEARCH_USER_PATHS = NO;
				CLANG_ANALYZER_NONNULL = YES;
				CLANG_CXX_LANGUAGE_STANDARD = "gnu++0x";
				CLANG_CXX_LIBRARY = "libc++";
				CLANG_ENABLE_MODULES = YES;
				CLANG_ENABLE_OBJC_ARC = YES;
				CLANG_WARN_BOOL_CONVERSION = YES;
				CLANG_WARN_CONSTANT_CONVERSION = YES;
				CLANG_WARN_DIRECT_OBJC_ISA_USAGE = YES_ERROR;
				CLANG_WARN_DOCUMENTATION_COMMENTS = YES;
				CLANG_WARN_EMPTY_BODY = YES;
				CLANG_WARN_ENUM_CONVERSION = YES;
				CLANG_WARN_INFINITE_RECURSION = YES;
				CLANG_WARN_INT_CONVERSION = YES;
				CLANG_WARN_OBJC_ROOT_CLASS = YES_ERROR;
				CLANG_WARN_SUSPICIOUS_MOVES = YES;
				CLANG_WARN_UNREACHABLE_CODE = YES;
				CLANG_WARN__DUPLICATE_METHOD_MATCH = YES;
				"CODE_SIGN_IDENTITY[sdk=iphoneos*]" = "iPhone Developer";
				COPY_PHASE_STRIP = NO;
				DEBUG_INFORMATION_FORMAT = "dwarf-with-dsym";
				ENABLE_NS_ASSERTIONS = NO;
				ENABLE_STRICT_OBJC_MSGSEND = YES;
				GCC_C_LANGUAGE_STANDARD = gnu99;
				GCC_NO_COMMON_BLOCKS = YES;
				GCC_WARN_64_TO_32_BIT_CONVERSION = YES;
				GCC_WARN_ABOUT_RETURN_TYPE = YES_ERROR;
				GCC_WARN_UNDECLARED_SELECTOR = YES;
				GCC_WARN_UNINITIALIZED_AUTOS = YES_AGGRESSIVE;
				GCC_WARN_UNUSED_FUNCTION = YES;
				GCC_WARN_UNUSED_VARIABLE = YES;
				IPHONEOS_DEPLOYMENT_TARGET = 10.0;
				MTL_ENABLE_DEBUG_INFO = NO;
				SDKROOT = iphoneos;
				SWIFT_OPTIMIZATION_LEVEL = "-Owholemodule";
				VALIDATE_PRODUCT = YES;
			};
			name = Release;
		};
		92A24B281D9B537D0008E578 /* Debug */ = {
			isa = XCBuildConfiguration;
			buildSettings = {
				ASSETCATALOG_COMPILER_APPICON_NAME = AppIcon;
				DEVELOPMENT_TEAM = G9KYNT8JLN;
				INFOPLIST_FILE = "Collage App/Info.plist";
				LD_RUNPATH_SEARCH_PATHS = "$(inherited) @executable_path/Frameworks";
				PRODUCT_BUNDLE_IDENTIFIER = "luis.arias.com.Collage-App";
				PRODUCT_NAME = "$(TARGET_NAME)";
				SWIFT_VERSION = 3.0;
			};
			name = Debug;
		};
		92A24B291D9B537D0008E578 /* Release */ = {
			isa = XCBuildConfiguration;
			buildSettings = {
				ASSETCATALOG_COMPILER_APPICON_NAME = AppIcon;
				DEVELOPMENT_TEAM = G9KYNT8JLN;
				INFOPLIST_FILE = "Collage App/Info.plist";
				LD_RUNPATH_SEARCH_PATHS = "$(inherited) @executable_path/Frameworks";
				PRODUCT_BUNDLE_IDENTIFIER = "luis.arias.com.Collage-App";
				PRODUCT_NAME = "$(TARGET_NAME)";
				SWIFT_VERSION = 3.0;
			};
			name = Release;
		};
/* End XCBuildConfiguration section */

/* Begin XCConfigurationList section */
		92A24B101D9B537B0008E578 /* Build configuration list for PBXProject "Collage App" */ = {
			isa = XCConfigurationList;
			buildConfigurations = (
				92A24B251D9B537D0008E578 /* Debug */,
				92A24B261D9B537D0008E578 /* Release */,
			);
			defaultConfigurationIsVisible = 0;
			defaultConfigurationName = Release;
		};
		92A24B271D9B537D0008E578 /* Build configuration list for PBXNativeTarget "Collage App" */ = {
			isa = XCConfigurationList;
			buildConfigurations = (
				92A24B281D9B537D0008E578 /* Debug */,
				92A24B291D9B537D0008E578 /* Release */,
			);
			defaultConfigurationIsVisible = 0;
		};
/* End XCConfigurationList section */
	};
	rootObject = 92A24B0D1D9B537B0008E578 /* Project object */;
}
